
Microsoft Visual Studio Solution File, Format Version 12.00
# Visual Studio Version 17
VisualStudioVersion = 17.10.35013.160
MinimumVisualStudioVersion = 10.0.40219.1
Project("{FAE04EC0-301F-11D3-BF4B-00C04F79EFBC}") = "ChatRoomServer", "ChatRoomServer.csproj", "{38660891-9ABB-4E24-AA8D-57FE64774ED8}"
EndProject
Project("{FAE04EC0-301F-11D3-BF4B-00C04F79EFBC}") = "ChatRoomClient", "..\ChatRoomClient\ChatRoomClient.csproj", "{A6B469FF-C967-4F35-811F-A3DE48AD95BB}"
EndProject
Global
	GlobalSection(SolutionConfigurationPlatforms) = preSolution
		Debug|Any CPU = Debug|Any CPU
		Release|Any CPU = Release|Any CPU
	EndGlobalSection
	GlobalSection(ProjectConfigurationPlatforms) = postSolution
		{38660891-9ABB-4E24-AA8D-57FE64774ED8}.Debug|Any CPU.ActiveCfg = Debug|Any CPU
		{38660891-9ABB-4E24-AA8D-57FE64774ED8}.Debug|Any CPU.Build.0 = Debug|Any CPU
		{38660891-9ABB-4E24-AA8D-57FE64774ED8}.Release|Any CPU.ActiveCfg = Release|Any CPU
		{38660891-9ABB-4E24-AA8D-57FE64774ED8}.Release|Any CPU.Build.0 = Release|Any CPU
		{A6B469FF-C967-4F35-811F-A3DE48AD95BB}.Debug|Any CPU.ActiveCfg = Debug|Any CPU
		{A6B469FF-C967-4F35-811F-A3DE48AD95BB}.Debug|Any CPU.Build.0 = Debug|Any CPU
		{A6B469FF-C967-4F35-811F-A3DE48AD95BB}.Release|Any CPU.ActiveCfg = Release|Any CPU
		{A6B469FF-C967-4F35-811F-A3DE48AD95BB}.Release|Any CPU.Build.0 = Release|Any CPU
	EndGlobalSection
	GlobalSection(SolutionProperties) = preSolution
		HideSolutionNode = FALSE
	EndGlobalSection
	GlobalSection(ExtensibilityGlobals) = postSolution
		SolutionGuid = {4A1BE45D-500B-4D2C-873F-6259D6A2E867}
	EndGlobalSection
EndGlobal
